{
  "name": "agency",
  "version": "3.3.7+1",
  "lockfileVersion": 1,
  "requires": true,
  "dependencies": {
    "bootstrap": {
      "version": "3.3.7",
      "resolved": "https://registry.npmjs.org/bootstrap/-/bootstrap-3.3.7.tgz",
      "integrity": "sha1-WjiTlFSfIzMIdaOxUGVldPip63E=",
      "dev": true
    },
    "browser-sync": {
      "version": "2.18.12",
      "resolved": "https://registry.npmjs.org/browser-sync/-/browser-sync-2.18.12.tgz",
      "integrity": "sha1-u6oKF6lh4rXwqOdg5pUCcYZmR3k=",
      "dev": true
    },
    "buffer-from": {
      "version": "1.1.1",
      "resolved": "https://registry.npmjs.org/buffer-from/-/buffer-from-1.1.1.tgz",
      "integrity": "sha512-MQcXEUbCKtEo7bhqEs6560Hyd4XaovZlO/k9V3hjVUF/zwW7KBVdSK4gIt/bzwS9MbR5qob+F5jusZsb0YQK2A==",
      "dev": true
    },
    "clone-buffer": {
      "version": "1.0.0",
      "resolved": "https://registry.npmjs.org/clone-buffer/-/clone-buffer-1.0.0.tgz",
      "integrity": "sha1-4+JbIHrE5wGvch4staFnksrD3Fg=",
      "dev": true
    },
    "clone-stats": {
      "version": "0.0.1",
      "resolved": "https://registry.npmjs.org/clone-stats/-/clone-stats-0.0.1.tgz",
      "integrity": "sha1-uI+UqCzzi4eR1YBG6kAprYjKmdE=",
      "dev": true
    },
    "cloneable-readable": {
      "version": "1.1.3",
      "resolved": "https://registry.npmjs.org/cloneable-readable/-/cloneable-readable-1.1.3.tgz",
      "integrity": "sha512-2EF8zTQOxYq70Y4XKtorQupqF0m49MBz2/yf5Bj+MHjvpG3Hy7sImifnqD6UA+TKYxeSV+u6qqQPawN5UvnpKQ==",
      "dev": true,
      "requires": {
        "inherits": "^2.0.1",
        "process-nextick-args": "^2.0.0",
        "readable-stream": "^2.3.5"
      },
      "dependencies": {
        "process-nextick-args": {
          "version": "2.0.1",
          "resolved": "https://registry.npmjs.org/process-nextick-args/-/process-nextick-args-2.0.1.tgz",
          "integrity": "sha512-3ouUOpQhtgrbOa17J7+uxOTpITYWaGP7/AhoR3+A+/1e9skrzelGi/dXzEYyvbxubEF6Wn2ypscTKiKJFFn1ag==",
          "dev": true
        },
        "readable-stream": {
          "version": "2.3.7",
          "resolved": "https://registry.npmjs.org/readable-stream/-/readable-stream-2.3.7.tgz",
          "integrity": "sha512-Ebho8K4jIbHAxnuxi7o42OrZgF/ZTNcsZj6nRKyUmkhLFq8CHItp/fy6hQZuZmP/n3yZ9VBUbp4zz/mX8hmYPw==",
          "dev": true,
          "requires": {
            "core-util-is": "~1.0.0",
            "inherits": "~2.0.3",
            "isarray": "~1.0.0",
            "process-nextick-args": "~2.0.0",
            "safe-buffer": "~5.1.1",
            "string_decoder": "~1.1.1",
            "util-deprecate": "~1.0.1"
          }
        },
        "safe-buffer": {
          "version": "5.1.2",
          "resolved": "https://registry.npmjs.org/safe-buffer/-/safe-buffer-5.1.2.tgz",
          "integrity": "sha512-Gd2UZBJDkXlY7GbJxfsE8/nvKkUEU1G38c1siN6QP6a9PT9MmHB8GnpscSmMJSoF8LOIrt8ud/wPtojys4G6+g==",
          "dev": true
        },
        "string_decoder": {
          "version": "1.1.1",
          "resolved": "https://registry.npmjs.org/string_decoder/-/string_decoder-1.1.1.tgz",
          "integrity": "sha512-n/ShnvDi6FHbbVfviro+WojiFzv+s8MPMHBczVePfUpDJLwoLT0ht1l4YwBCbi8pJAveEEdnkHyPyTP/mzRfwg==",
          "dev": true,
          "requires": {
            "safe-buffer": "~5.1.0"
          }
        }
      }
    },
    "concat-stream": {
      "version": "1.6.2",
      "resolved": "https://registry.npmjs.org/concat-stream/-/concat-stream-1.6.2.tgz",
      "integrity": "sha512-27HBghJxjiZtIk3Ycvn/4kbJk/1uZuJFfuPEns6LaEvpvG1f0hTea8lilrouyo9mVc2GWdcEZ8OLoGmSADlrCw==",
      "dev": true,
      "requires": {
        "buffer-from": "^1.0.0",
        "inherits": "^2.0.3",
        "readable-stream": "^2.2.2",
        "typedarray": "^0.0.6"
      }
    },
    "concat-with-sourcemaps": {
      "version": "1.0.4",
      "resolved": "https://registry.npmjs.org/concat-with-sourcemaps/-/concat-with-sourcemaps-1.0.4.tgz",
      "integrity": "sha1-9Vs74q60dgGxCi1SWcz7cP0vHdY=",
      "dev": true
    },
    "core-util-is": {
      "version": "1.0.2",
      "resolved": "https://registry.npmjs.org/core-util-is/-/core-util-is-1.0.2.tgz",
      "integrity": "sha1-tf1UIgqivFq1eqtxQMlAdUUDwac=",
      "dev": true
    },
    "escape-string-regexp": {
      "version": "1.0.5",
      "resolved": "https://registry.npmjs.org/escape-string-regexp/-/escape-string-regexp-1.0.5.tgz",
      "integrity": "sha1-G2HAViGQqN/2rjuyzwIAyhMLhtQ=",
      "dev": true
    },
    "extend": {
      "version": "3.0.1",
      "resolved": "https://registry.npmjs.org/extend/-/extend-3.0.1.tgz",
      "integrity": "sha1-p1Xqe8Gt/MWjHOfnYtuq3F5jZEQ=",
      "dev": true
    },
    "flatnest": {
      "version": "1.0.0",
      "resolved": "https://registry.npmjs.org/flatnest/-/flatnest-1.0.0.tgz",
      "integrity": "sha1-IEIa0FtGxjytMO8UqOxiX4az8cU=",
      "dev": true
    },
    "font-awesome": {
      "version": "4.7.0",
      "resolved": "https://registry.npmjs.org/font-awesome/-/font-awesome-4.7.0.tgz",
      "integrity": "sha1-j6jPBBGhoxr9B7BtKQK7n8gVoTM=",
      "dev": true
    },
    "get-stdin": {
      "version": "4.0.1",
      "resolved": "https://registry.npmjs.org/get-stdin/-/get-stdin-4.0.1.tgz",
      "integrity": "sha1-uWjGsKBDhDJJAui/Gl3zJXmkUP4=",
      "dev": true
    },
    "gulp": {
      "version": "3.9.1",
      "resolved": "https://registry.npmjs.org/gulp/-/gulp-3.9.1.tgz",
      "integrity": "sha1-VxzkWSjdQK9lFPxAEYZgFsE4RbQ=",
      "dev": true,
      "dependencies": {
        "semver": {
          "version": "4.3.6",
          "resolved": "https://registry.npmjs.org/semver/-/semver-4.3.6.tgz",
          "integrity": "sha1-MAvG4OhjdPe6YQaLWx7NV/xlMto="
        }
      }
    },
    "gulp-cache-bust": {
      "version": "1.1.0",
      "resolved": "https://registry.npmjs.org/gulp-cache-bust/-/gulp-cache-bust-1.1.0.tgz",
      "integrity": "sha1-P+cCqy4MwBlF3r2PHMKi8rUQUR0=",
      "dev": true,
      "dependencies": {
        "dateformat": {
          "version": "1.0.12",
          "resolved": "https://registry.npmjs.org/dateformat/-/dateformat-1.0.12.tgz",
          "integrity": "sha1-nxJLZ1lMk3/3BpMuSmQsyo27/uk="
        },
        "gulp-util": {
          "version": "3.0.7",
          "resolved": "https://registry.npmjs.org/gulp-util/-/gulp-util-3.0.7.tgz",
          "integrity": "sha1-eJJcS4+LSQBawBoBHFV+YhiUHLs="
        },
        "object-assign": {
          "version": "3.0.0",
          "resolved": "https://registry.npmjs.org/object-assign/-/object-assign-3.0.0.tgz",
          "integrity": "sha1-m+3VygiXlJvKR+f/QIBi1Un1h/I="
        },
        "readable-stream": {
          "version": "2.0.6",
          "resolved": "https://registry.npmjs.org/readable-stream/-/readable-stream-2.0.6.tgz",
          "integrity": "sha1-j5A0HmilPMySh4jaz80Rs265t44="
        },
        "string_decoder": {
          "version": "0.10.31",
          "resolved": "https://registry.npmjs.org/string_decoder/-/string_decoder-0.10.31.tgz",
          "integrity": "sha1-YuIDvEF2bGwoyfyEMB2rHFMQ+pQ="
        },
        "through2": {
          "version": "2.0.1",
          "resolved": "https://registry.npmjs.org/through2/-/through2-2.0.1.tgz",
          "integrity": "sha1-OE51MU1J8y3hLuu4E2uOtrXVnak="
        }
      }
    },
    "gulp-clean": {
      "version": "0.3.2",
      "resolved": "https://registry.npmjs.org/gulp-clean/-/gulp-clean-0.3.2.tgz",
      "integrity": "sha1-o0fUc6zqQBgvk1WHpFGUFnGSgQI=",
      "dev": true,
      "requires": {
        "gulp-util": "^2.2.14",
        "rimraf": "^2.2.8",
        "through2": "^0.4.2"
      },
      "dependencies": {
        "ansi-regex": {
          "version": "0.2.1",
          "resolved": "https://registry.npmjs.org/ansi-regex/-/ansi-regex-0.2.1.tgz",
          "integrity": "sha1-DY6UaWej2BQ/k+JOKYUl/BsiNfk=",
          "dev": true
        },
        "ansi-styles": {
          "version": "1.1.0",
          "resolved": "https://registry.npmjs.org/ansi-styles/-/ansi-styles-1.1.0.tgz",
          "integrity": "sha1-6uy/Zs1waIJ2Cy9GkVgrj1XXp94=",
          "dev": true
        },
        "chalk": {
          "version": "0.5.1",
          "resolved": "https://registry.npmjs.org/chalk/-/chalk-0.5.1.tgz",
          "integrity": "sha1-Zjs6ZItotV0EaQ1JFnqoN4WPIXQ=",
          "dev": true,
          "requires": {
            "ansi-styles": "^1.1.0",
            "escape-string-regexp": "^1.0.0",
            "has-ansi": "^0.1.0",
            "strip-ansi": "^0.3.0",
            "supports-color": "^0.2.0"
          }
        },
        "dateformat": {
          "version": "1.0.12",
          "resolved": "https://registry.npmjs.org/dateformat/-/dateformat-1.0.12.tgz",
          "integrity": "sha1-nxJLZ1lMk3/3BpMuSmQsyo27/uk=",
          "dev": true,
          "requires": {
            "get-stdin": "^4.0.1",
            "meow": "^3.3.0"
          }
        },
        "gulp-util": {
          "version": "2.2.20",
          "resolved": "https://registry.npmjs.org/gulp-util/-/gulp-util-2.2.20.tgz",
          "integrity": "sha1-1xRuVyiRC9jwR6awseVJvCLb1kw=",
          "dev": true,
          "requires": {
            "chalk": "^0.5.0",
            "dateformat": "^1.0.7-1.2.3",
            "lodash._reinterpolate": "^2.4.1",
            "lodash.template": "^2.4.1",
            "minimist": "^0.2.0",
            "multipipe": "^0.1.0",
            "through2": "^0.5.0",
            "vinyl": "^0.2.1"
          },
          "dependencies": {
            "through2": {
              "version": "0.5.1",
              "resolved": "https://registry.npmjs.org/through2/-/through2-0.5.1.tgz",
              "integrity": "sha1-390BLrnHAOIyP9M084rGIqs3Lac=",
              "dev": true,
              "requires": {
                "readable-stream": "~1.0.17",
                "xtend": "~3.0.0"
              }
            }
          }
        },
        "has-ansi": {
          "version": "0.1.0",
          "resolved": "https://registry.npmjs.org/has-ansi/-/has-ansi-0.1.0.tgz",
          "integrity": "sha1-hPJlqujA5qiKEtcCKJS3VoiUxi4=",
          "dev": true,
          "requires": {
            "ansi-regex": "^0.2.0"
          }
        },
        "isarray": {
          "version": "0.0.1",
          "resolved": "https://registry.npmjs.org/isarray/-/isarray-0.0.1.tgz",
          "integrity": "sha1-ihis/Kmo9Bd+Cav8YDiTmwXR7t8=",
          "dev": true
        },
        "lodash._reinterpolate": {
          "version": "2.4.1",
          "resolved": "https://registry.npmjs.org/lodash._reinterpolate/-/lodash._reinterpolate-2.4.1.tgz",
          "integrity": "sha1-TxInqlqHEfxjL1sHofRgequLMiI=",
          "dev": true
        },
        "lodash.defaults": {
          "version": "2.4.1",
          "resolved": "https://registry.npmjs.org/lodash.defaults/-/lodash.defaults-2.4.1.tgz",
          "integrity": "sha1-p+iIXwXmiFEUS24SqPNngCa8TFQ=",
          "dev": true,
          "requires": {
            "lodash._objecttypes": "~2.4.1",
            "lodash.keys": "~2.4.1"
          }
        },
        "lodash.escape": {
          "version": "2.4.1",
          "resolved": "https://registry.npmjs.org/lodash.escape/-/lodash.escape-2.4.1.tgz",
          "integrity": "sha1-LOEsXghNsKV92l5dHu659dF1o7Q=",
          "dev": true,
          "requires": {
            "lodash._escapehtmlchar": "~2.4.1",
            "lodash._reunescapedhtml": "~2.4.1",
            "lodash.keys": "~2.4.1"
          }
        },
        "lodash.keys": {
          "version": "2.4.1",
          "resolved": "https://registry.npmjs.org/lodash.keys/-/lodash.keys-2.4.1.tgz",
          "integrity": "sha1-SN6kbfj/djKxDXBrissmWR4rNyc=",
          "dev": true,
          "requires": {
            "lodash._isnative": "~2.4.1",
            "lodash._shimkeys": "~2.4.1",
            "lodash.isobject": "~2.4.1"
          }
        },
        "lodash.template": {
          "version": "2.4.1",
          "resolved": "https://registry.npmjs.org/lodash.template/-/lodash.template-2.4.1.tgz",
          "integrity": "sha1-nmEQB+32KRKal0qzxIuBez4c8g0=",
          "dev": true,
          "requires": {
            "lodash._escapestringchar": "~2.4.1",
            "lodash._reinterpolate": "~2.4.1",
            "lodash.defaults": "~2.4.1",
            "lodash.escape": "~2.4.1",
            "lodash.keys": "~2.4.1",
            "lodash.templatesettings": "~2.4.1",
            "lodash.values": "~2.4.1"
          }
        },
        "lodash.templatesettings": {
          "version": "2.4.1",
          "resolved": "https://registry.npmjs.org/lodash.templatesettings/-/lodash.templatesettings-2.4.1.tgz",
          "integrity": "sha1-6nbHXRHrhtTb6JqDiTu4YZKaxpk=",
          "dev": true,
          "requires": {
            "lodash._reinterpolate": "~2.4.1",
            "lodash.escape": "~2.4.1"
          }
        },
        "minimist": {
          "version": "0.2.1",
          "resolved": "https://registry.npmjs.org/minimist/-/minimist-0.2.1.tgz",
          "integrity": "sha512-GY8fANSrTMfBVfInqJAY41QkOM+upUTytK1jZ0c8+3HdHrJxBJ3rF5i9moClXTE8uUSnUo8cAsCoxDXvSY4DHg==",
          "dev": true
        },
        "readable-stream": {
          "version": "1.0.34",
          "resolved": "https://registry.npmjs.org/readable-stream/-/readable-stream-1.0.34.tgz",
          "integrity": "sha1-Elgg40vIQtLyqq+v5MKRbuMsFXw=",
          "dev": true,
          "requires": {
            "core-util-is": "~1.0.0",
            "inherits": "~2.0.1",
            "isarray": "0.0.1",
            "string_decoder": "~0.10.x"
          }
        },
        "string_decoder": {
          "version": "0.10.31",
          "resolved": "https://registry.npmjs.org/string_decoder/-/string_decoder-0.10.31.tgz",
          "integrity": "sha1-YuIDvEF2bGwoyfyEMB2rHFMQ+pQ=",
          "dev": true
        },
        "strip-ansi": {
          "version": "0.3.0",
          "resolved": "https://registry.npmjs.org/strip-ansi/-/strip-ansi-0.3.0.tgz",
          "integrity": "sha1-JfSOoiynkYfzF0pNuHWTR7sSYiA=",
          "dev": true,
          "requires": {
            "ansi-regex": "^0.2.1"
          }
        },
        "supports-color": {
          "version": "0.2.0",
          "resolved": "https://registry.npmjs.org/supports-color/-/supports-color-0.2.0.tgz",
          "integrity": "sha1-2S3iaU6z9nMjlz1649i1W0wiGQo=",
          "dev": true
        },
        "through2": {
          "version": "0.4.2",
          "resolved": "https://registry.npmjs.org/through2/-/through2-0.4.2.tgz",
          "integrity": "sha1-2/WGYDEVHsg1K7bE22SiKSqEC5s=",
          "dev": true,
          "requires": {
            "readable-stream": "~1.0.17",
            "xtend": "~2.1.1"
          },
          "dependencies": {
            "xtend": {
              "version": "2.1.2",
              "resolved": "https://registry.npmjs.org/xtend/-/xtend-2.1.2.tgz",
              "integrity": "sha1-bv7MKk2tjmlixJAbM3znuoe10os=",
              "dev": true,
              "requires": {
                "object-keys": "~0.4.0"
              }
            }
          }
        },
        "vinyl": {
          "version": "0.2.3",
          "resolved": "https://registry.npmjs.org/vinyl/-/vinyl-0.2.3.tgz",
          "integrity": "sha1-vKk4IJWC7FpJrVOKAPofEl5RMlI=",
          "dev": true,
          "requires": {
            "clone-stats": "~0.0.1"
          }
        },
        "xtend": {
          "version": "3.0.0",
          "resolved": "https://registry.npmjs.org/xtend/-/xtend-3.0.0.tgz",
          "integrity": "sha1-XM50B7r2Qsunvs2laBEcST9ZZlo=",
          "dev": true
        }
      }
    },
    "gulp-clean-css": {
      "version": "2.4.0",
      "resolved": "https://registry.npmjs.org/gulp-clean-css/-/gulp-clean-css-2.4.0.tgz",
      "integrity": "sha1-KuSBCf6DzMln/1rVPARJSaSGOzY=",
      "dev": true
    },
    "gulp-concat": {
      "version": "2.6.1",
      "resolved": "https://registry.npmjs.org/gulp-concat/-/gulp-concat-2.6.1.tgz",
      "integrity": "sha1-Yz0WyV2IUEYorQJmVmPO5aR5M1M=",
      "dev": true,
      "requires": {
        "concat-with-sourcemaps": "^1.0.0",
        "through2": "^2.0.0",
        "vinyl": "^2.0.0"
      },
      "dependencies": {
        "clone": {
          "version": "2.1.2",
          "resolved": "https://registry.npmjs.org/clone/-/clone-2.1.2.tgz",
          "integrity": "sha1-G39Ln1kfHo+DZwQBYANFoCiHQ18=",
          "dev": true
        },
        "clone-stats": {
          "version": "1.0.0",
          "resolved": "https://registry.npmjs.org/clone-stats/-/clone-stats-1.0.0.tgz",
          "integrity": "sha1-s3gt/4u1R04Yuba/D9/ngvh3doA=",
          "dev": true
        },
        "replace-ext": {
          "version": "1.0.0",
          "resolved": "https://registry.npmjs.org/replace-ext/-/replace-ext-1.0.0.tgz",
          "integrity": "sha1-3mMSg3P8v3w8z6TeWkgMRaZ5WOs=",
          "dev": true
        },
        "vinyl": {
          "version": "2.2.0",
          "resolved": "https://registry.npmjs.org/vinyl/-/vinyl-2.2.0.tgz",
          "integrity": "sha512-MBH+yP0kC/GQ5GwBqrTPTzEfiiLjta7hTtvQtbxBgTeSXsmKQRQecjibMbxIXzVT3Y9KJK+drOz1/k+vsu8Nkg==",
          "dev": true,
          "requires": {
            "clone": "^2.1.1",
            "clone-buffer": "^1.0.0",
            "clone-stats": "^1.0.0",
            "cloneable-readable": "^1.0.0",
            "remove-trailing-separator": "^1.0.1",
            "replace-ext": "^1.0.0"
          }
        }
      }
    },
    "gulp-file-include": {
      "version": "1.2.0",
      "resolved": "https://registry.npmjs.org/gulp-file-include/-/gulp-file-include-1.2.0.tgz",
      "integrity": "sha512-MC1BEgjWjaArLHczefhLwU1FWSJEUhTk97wI4l/OfJDjl3XXNh3g52ZoRbUcRuoigayVRcQSQYKOaoblT7+4Kg==",
      "dev": true,
      "requires": {
        "balanced-match": "^1.0.0",
        "concat-stream": "^1.6.0",
        "extend": "^3.0.1",
        "flatnest": "^1.0.0",
        "gulp-util": "^3.0.8",
        "through2": "^2.0.3"
      },
      "dependencies": {
        "balanced-match": {
          "version": "1.0.0",
          "resolved": "https://registry.npmjs.org/balanced-match/-/balanced-match-1.0.0.tgz",
          "integrity": "sha1-ibTRmasr7kneFk6gK4nORi1xt2c=",
          "dev": true
        }
      }
    },
    "gulp-header": {
      "version": "1.8.8",
      "resolved": "https://registry.npmjs.org/gulp-header/-/gulp-header-1.8.8.tgz",
      "integrity": "sha1-RQnGRneqtWte6ORmmnmxZVkzpJ4=",
      "dev": true
    },
    "gulp-htmlmin": {
      "version": "3.0.0",
      "resolved": "https://registry.npmjs.org/gulp-htmlmin/-/gulp-htmlmin-3.0.0.tgz",
      "integrity": "sha1-GeqAAtEjHWsfGKEtIPKmand3D7M=",
      "dev": true
    },
    "gulp-less": {
      "version": "3.3.0",
      "resolved": "https://registry.npmjs.org/gulp-less/-/gulp-less-3.3.0.tgz",
      "integrity": "sha1-0IVWXaPIEDB/3nx4dOhlINxQMjQ=",
      "dev": true
    },
    "gulp-rename": {
      "version": "1.2.2",
      "resolved": "https://registry.npmjs.org/gulp-rename/-/gulp-rename-1.2.2.tgz",
      "integrity": "sha1-OtRCh2PwXidk3sHGfYaNsnVoeBc=",
      "dev": true
    },
    "gulp-sass": {
      "version": "2.3.2",
      "resolved": "https://registry.npmjs.org/gulp-sass/-/gulp-sass-2.3.2.tgz",
      "integrity": "sha1-grerkP6QLNw0wE8YDZLyw0kC3VI=",
      "dev": true
    },
    "gulp-uglify": {
      "version": "1.5.4",
      "resolved": "https://registry.npmjs.org/gulp-uglify/-/gulp-uglify-1.5.4.tgz",
      "integrity": "sha1-UkeI2HZm0J+dDCH7IXf5ADmmWMk=",
      "dev": true,
      "dependencies": {
        "async": {
          "version": "0.2.10",
          "resolved": "https://registry.npmjs.org/async/-/async-0.2.10.tgz",
          "integrity": "sha1-trvgsGdLnXGXCMo43owjfLUmw9E="
        },
        "cliui": {
          "version": "2.1.0",
          "resolved": "https://registry.npmjs.org/cliui/-/cliui-2.1.0.tgz",
          "integrity": "sha1-S0dXYP+AJkx2LDoXGQMukcf+oNE="
        },
        "uglify-js": {
          "version": "2.6.4",
          "resolved": "https://registry.npmjs.org/uglify-js/-/uglify-js-2.6.4.tgz",
          "integrity": "sha1-ZeovswWck5RpLxX+2HwrNsFrmt8="
        },
        "window-size": {
          "version": "0.1.0",
          "resolved": "https://registry.npmjs.org/window-size/-/window-size-0.1.0.tgz",
          "integrity": "sha1-VDjNLqk7IC76Ohn+iIeu58lPnJ0="
        },
        "yargs": {
          "version": "3.10.0",
          "resolved": "https://registry.npmjs.org/yargs/-/yargs-3.10.0.tgz",
          "integrity": "sha1-9+572FfdfB0tOMDnTvvWgdFDH9E="
        }
      }
    },
    "gulp-util": {
      "version": "3.0.8",
      "resolved": "https://registry.npmjs.org/gulp-util/-/gulp-util-3.0.8.tgz",
      "integrity": "sha1-AFTh50RQLifATBh8PsxQXdVLu08=",
      "dev": true,
      "dependencies": {
        "object-assign": {
          "version": "3.0.0",
          "resolved": "https://registry.npmjs.org/object-assign/-/object-assign-3.0.0.tgz",
          "integrity": "sha1-m+3VygiXlJvKR+f/QIBi1Un1h/I="
        }
      }
    },
    "inherits": {
      "version": "2.0.3",
      "resolved": "https://registry.npmjs.org/inherits/-/inherits-2.0.3.tgz",
      "integrity": "sha1-Yzwsg+PaQqUC9SRmAiSA9CCCYd4=",
      "dev": true
    },
    "isarray": {
      "version": "1.0.0",
      "resolved": "https://registry.npmjs.org/isarray/-/isarray-1.0.0.tgz",
      "integrity": "sha1-u5NdSFgsuhaMBoNJV6VKPgcSTxE=",
      "dev": true
    },
    "jquery": {
      "version": "3.5.0",
      "resolved": "https://registry.npmjs.org/jquery/-/jquery-3.5.0.tgz",
      "integrity": "sha512-Xb7SVYMvygPxbFMpTFQiHh1J7HClEaThguL15N/Gg37Lri/qKyhRGZYzHRyLH8Stq3Aow0LsHO2O2ci86fCrNQ==",
      "dev": true
    },
    "lodash._escapehtmlchar": {
      "version": "2.4.1",
      "resolved": "https://registry.npmjs.org/lodash._escapehtmlchar/-/lodash._escapehtmlchar-2.4.1.tgz",
      "integrity": "sha1-32fDu2t+jh6DGrSL+geVuSr+iZ0=",
      "dev": true,
      "requires": {
        "lodash._htmlescapes": "~2.4.1"
      }
    },
    "lodash._escapestringchar": {
      "version": "2.4.1",
      "resolved": "https://registry.npmjs.org/lodash._escapestringchar/-/lodash._escapestringchar-2.4.1.tgz",
      "integrity": "sha1-7P4iYYoq3lC/7qQ5N+Ud9m8O23I=",
      "dev": true
    },
    "lodash._htmlescapes": {
      "version": "2.4.1",
      "resolved": "https://registry.npmjs.org/lodash._htmlescapes/-/lodash._htmlescapes-2.4.1.tgz",
      "integrity": "sha1-MtFL8IRLbeb4tioFG09nwii2JMs=",
      "dev": true
    },
    "lodash._isnative": {
      "version": "2.4.1",
      "resolved": "https://registry.npmjs.org/lodash._isnative/-/lodash._isnative-2.4.1.tgz",
      "integrity": "sha1-PqZAS3hKe+g2x7V1gOHN95sUgyw=",
      "dev": true
    },
    "lodash._objecttypes": {
      "version": "2.4.1",
      "resolved": "https://registry.npmjs.org/lodash._objecttypes/-/lodash._objecttypes-2.4.1.tgz",
      "integrity": "sha1-fAt/admKH3ZSn4kLDNsbTf7BHBE=",
      "dev": true
    },
    "lodash._reunescapedhtml": {
      "version": "2.4.1",
      "resolved": "https://registry.npmjs.org/lodash._reunescapedhtml/-/lodash._reunescapedhtml-2.4.1.tgz",
      "integrity": "sha1-dHxPxAED6zu4oJduVx96JlnpO6c=",
      "dev": true,
      "requires": {
        "lodash._htmlescapes": "~2.4.1",
        "lodash.keys": "~2.4.1"
      },
      "dependencies": {
        "lodash.keys": {
          "version": "2.4.1",
          "resolved": "https://registry.npmjs.org/lodash.keys/-/lodash.keys-2.4.1.tgz",
          "integrity": "sha1-SN6kbfj/djKxDXBrissmWR4rNyc=",
          "dev": true,
          "requires": {
            "lodash._isnative": "~2.4.1",
            "lodash._shimkeys": "~2.4.1",
            "lodash.isobject": "~2.4.1"
          }
        }
      }
    },
    "lodash._shimkeys": {
      "version": "2.4.1",
      "resolved": "https://registry.npmjs.org/lodash._shimkeys/-/lodash._shimkeys-2.4.1.tgz",
      "integrity": "sha1-bpzJZm/wgfC1psl4uD4kLmlJ0gM=",
      "dev": true,
      "requires": {
        "lodash._objecttypes": "~2.4.1"
      }
    },
    "lodash.isobject": {
      "version": "2.4.1",
      "resolved": "https://registry.npmjs.org/lodash.isobject/-/lodash.isobject-2.4.1.tgz",
      "integrity": "sha1-Wi5H/mmVPx7mMafrof5k0tBlWPU=",
      "dev": true,
      "requires": {
        "lodash._objecttypes": "~2.4.1"
      }
    },
    "lodash.values": {
      "version": "2.4.1",
      "resolved": "https://registry.npmjs.org/lodash.values/-/lodash.values-2.4.1.tgz",
      "integrity": "sha1-q/UUQ2s8twUAFieXjLzzCxKA7qQ=",
      "dev": true,
      "requires": {
        "lodash.keys": "~2.4.1"
      },
      "dependencies": {
        "lodash.keys": {
          "version": "2.4.1",
          "resolved": "https://registry.npmjs.org/lodash.keys/-/lodash.keys-2.4.1.tgz",
          "integrity": "sha1-SN6kbfj/djKxDXBrissmWR4rNyc=",
          "dev": true,
          "requires": {
            "lodash._isnative": "~2.4.1",
            "lodash._shimkeys": "~2.4.1",
            "lodash.isobject": "~2.4.1"
          }
        }
      }
    },
    "meow": {
      "version": "3.7.0",
      "resolved": "https://registry.npmjs.org/meow/-/meow-3.7.0.tgz",
      "integrity": "sha1-cstmi0JSKCkKu/qFaJJYcwioAfs=",
      "dev": true
    },
    "multipipe": {
      "version": "0.1.2",
      "resolved": "https://registry.npmjs.org/multipipe/-/multipipe-0.1.2.tgz",
      "integrity": "sha1-Ko8t33Du1WTf8tV/HhoTfZ8FB4s=",
      "dev": true
    },
    "object-keys": {
      "version": "0.4.0",
      "resolved": "https://registry.npmjs.org/object-keys/-/object-keys-0.4.0.tgz",
      "integrity": "sha1-KKaq50KN0sOpLz2V8hM13SBOAzY=",
      "dev": true
    },
    "readable-stream": {
      "version": "2.2.11",
      "resolved": "https://registry.npmjs.org/readable-stream/-/readable-stream-2.2.11.tgz",
      "integrity": "sha512-h+8+r3MKEhkiVrwdKL8aWs1oc1VvBu33ueshOvS26RsZQ3Amhx/oO3TKe4lApSV9ueY6as8EAh7mtuFjdlhg9Q==",
      "dev": true
    },
    "remove-trailing-separator": {
      "version": "1.0.1",
      "resolved": "https://registry.npmjs.org/remove-trailing-separator/-/remove-trailing-separator-1.0.1.tgz",
      "integrity": "sha1-YV67lq9VlVLUv0BXyENtSGq2PMQ=",
      "dev": true
    },
    "rimraf": {
      "version": "2.6.1",
      "resolved": "https://registry.npmjs.org/rimraf/-/rimraf-2.6.1.tgz",
      "integrity": "sha1-wjOOxkPfeht/5cVPqG9XQopV8z0=",
      "dev": true,
      "dependencies": {
        "glob": {
          "version": "7.1.2",
          "resolved": "https://registry.npmjs.org/glob/-/glob-7.1.2.tgz",
          "integrity": "sha512-MJTUg1kjuLeQCJ+ccE4Vpa6kKVXkPYJ2mOCQyUuKLcLQsdrMCpBPUi8qVE6+YuaJkozeA9NusTAw3hLr8Xe5EQ=="
        }
      }
    },
    "through2": {
      "version": "2.0.3",
      "resolved": "https://registry.npmjs.org/through2/-/through2-2.0.3.tgz",
      "integrity": "sha1-AARWmzfHx0ujnEPzzteNGtlBQL4=",
      "dev": true
    },
    "typedarray": {
      "version": "0.0.6",
      "resolved": "https://registry.npmjs.org/typedarray/-/typedarray-0.0.6.tgz",
      "integrity": "sha1-hnrHTjhkGHsdPUfZlqeOxciDB3c=",
      "dev": true
    },
    "util-deprecate": {
      "version": "1.0.2",
      "resolved": "https://registry.npmjs.org/util-deprecate/-/util-deprecate-1.0.2.tgz",
      "integrity": "sha1-RQ1Nyfpw3nMnYvvS1KKJgUGaDM8=",
      "dev": true
    }
  }
}
